
Microsoft Visual Studio Solution File, Format Version 12.00
Project("{FAE04EC0-301F-11D3-BF4B-00C04F79EFBC}") = "level-3", "level-3\level-3.csproj", "{926830AA-D502-4DEC-BF24-3DF92BDA533F}"
EndProject
Global
	GlobalSection(SolutionConfigurationPlatforms) = preSolution
		Debug|Any CPU = Debug|Any CPU
		Release|Any CPU = Release|Any CPU
	EndGlobalSection
	GlobalSection(ProjectConfigurationPlatforms) = postSolution
		{926830AA-D502-4DEC-BF24-3DF92BDA533F}.Debug|Any CPU.ActiveCfg = Debug|Any CPU
		{926830AA-D502-4DEC-BF24-3DF92BDA533F}.Debug|Any CPU.Build.0 = Debug|Any CPU
		{926830AA-D502-4DEC-BF24-3DF92BDA533F}.Release|Any CPU.ActiveCfg = Release|Any CPU
		{926830AA-D502-4DEC-BF24-3DF92BDA533F}.Release|Any CPU.Build.0 = Release|Any CPU
	EndGlobalSection
EndGlobal
