
Microsoft Visual Studio Solution File, Format Version 12.00
Project("{FAE04EC0-301F-11D3-BF4B-00C04F79EFBC}") = "level-4", "level-4\level-4.csproj", "{7A95757D-E090-491B-86BB-2A4F34324FDD}"
EndProject
Global
	GlobalSection(SolutionConfigurationPlatforms) = preSolution
		Debug|Any CPU = Debug|Any CPU
		Release|Any CPU = Release|Any CPU
	EndGlobalSection
	GlobalSection(ProjectConfigurationPlatforms) = postSolution
		{7A95757D-E090-491B-86BB-2A4F34324FDD}.Debug|Any CPU.ActiveCfg = Debug|Any CPU
		{7A95757D-E090-491B-86BB-2A4F34324FDD}.Debug|Any CPU.Build.0 = Debug|Any CPU
		{7A95757D-E090-491B-86BB-2A4F34324FDD}.Release|Any CPU.ActiveCfg = Release|Any CPU
		{7A95757D-E090-491B-86BB-2A4F34324FDD}.Release|Any CPU.Build.0 = Release|Any CPU
	EndGlobalSection
EndGlobal
